
Microsoft Visual Studio Solution File, Format Version 12.00
# Visual Studio Version 16
VisualStudioVersion = 16.0.31829.152
MinimumVisualStudioVersion = 10.0.40219.1
Project("{FAE04EC0-301F-11D3-BF4B-00C04F79EFBC}") = "MCD_ClassEncapsulation", "MCD_ClassEncapsulation\MCD_ClassEncapsulation.csproj", "{26D57EEC-AC58-48F8-A8F9-95AC237114FB}"
EndProject
Global
	GlobalSection(SolutionConfigurationPlatforms) = preSolution
		Debug|Any CPU = Debug|Any CPU
		Release|Any CPU = Release|Any CPU
	EndGlobalSection
	GlobalSection(ProjectConfigurationPlatforms) = postSolution
		{26D57EEC-AC58-48F8-A8F9-95AC237114FB}.Debug|Any CPU.ActiveCfg = Debug|Any CPU
		{26D57EEC-AC58-48F8-A8F9-95AC237114FB}.Debug|Any CPU.Build.0 = Debug|Any CPU
		{26D57EEC-AC58-48F8-A8F9-95AC237114FB}.Release|Any CPU.ActiveCfg = Release|Any CPU
		{26D57EEC-AC58-48F8-A8F9-95AC237114FB}.Release|Any CPU.Build.0 = Release|Any CPU
	EndGlobalSection
	GlobalSection(SolutionProperties) = preSolution
		HideSolutionNode = FALSE
	EndGlobalSection
	GlobalSection(ExtensibilityGlobals) = postSolution
		SolutionGuid = {0EAD588C-FAB4-4FC0-936B-7AA4DBF3BC9D}
	EndGlobalSection
EndGlobal
